
Microsoft Visual Studio Solution File, Format Version 12.00
# Visual Studio Version 16
VisualStudioVersion = 16.0.32126.315
MinimumVisualStudioVersion = 10.0.40219.1
Project("{FAE04EC0-301F-11D3-BF4B-00C04F79EFBC}") = "if_else", "if_else.csproj", "{6392815F-239F-4D7E-99F4-C6F2A24A59C8}"
EndProject
Global
	GlobalSection(SolutionConfigurationPlatforms) = preSolution
		Debug|Any CPU = Debug|Any CPU
		Release|Any CPU = Release|Any CPU
	EndGlobalSection
	GlobalSection(ProjectConfigurationPlatforms) = postSolution
		{6392815F-239F-4D7E-99F4-C6F2A24A59C8}.Debug|Any CPU.ActiveCfg = Debug|Any CPU
		{6392815F-239F-4D7E-99F4-C6F2A24A59C8}.Debug|Any CPU.Build.0 = Debug|Any CPU
		{6392815F-239F-4D7E-99F4-C6F2A24A59C8}.Release|Any CPU.ActiveCfg = Release|Any CPU
		{6392815F-239F-4D7E-99F4-C6F2A24A59C8}.Release|Any CPU.Build.0 = Release|Any CPU
	EndGlobalSection
	GlobalSection(SolutionProperties) = preSolution
		HideSolutionNode = FALSE
	EndGlobalSection
	GlobalSection(ExtensibilityGlobals) = postSolution
		SolutionGuid = {7EC9477A-64C5-4005-91A6-28817D8B94B5}
	EndGlobalSection
EndGlobal
